{
  "lib/ens-contracts": {
    "rev": "f5f2ededccbb7e52be44925c0050620d71762e32"
  },
  "lib/forge-std": {
    "rev": "3b20d60d14b343ee4f908cb8079495c07f5e8981"
  },
  "lib/openzeppelin-contracts": {
    "rev": "dc44c9f1a4c3b10af99492eed84f83ed244203f6"
  },
  "lib/openzeppelin-contracts-upgradeable": {
    "rev": "2d081f24cac1a867f6f73d512f2022e1fa987854"
  },
  "lib/osx": {
    "rev": "1fff7dc4d416d869b5c8c24182125ccd385529ab"
  }
}
